
Microsoft Visual Studio Solution File, Format Version 12.00
# Visual Studio Version 16
VisualStudioVersion = 16.0.28803.202
MinimumVisualStudioVersion = 10.0.40219.1
Project("{FAE04EC0-301F-11D3-BF4B-00C04F79EFBC}") = "TPTools", "TPTools\TPTools.csproj", "{8B3952DA-9047-452F-A7F1-EC42897A0CB1}"
EndProject
Project("{FAE04EC0-301F-11D3-BF4B-00C04F79EFBC}") = "TPToolsLibrary", "TPToolsLibrary\TPToolsLibrary.csproj", "{422E8FB9-833C-4990-8233-DF46F30D5D1A}"
EndProject
Global
	GlobalSection(SolutionConfigurationPlatforms) = preSolution
		Debug|Any CPU = Debug|Any CPU
		Release|Any CPU = Release|Any CPU
	EndGlobalSection
	GlobalSection(ProjectConfigurationPlatforms) = postSolution
		{8B3952DA-9047-452F-A7F1-EC42897A0CB1}.Debug|Any CPU.ActiveCfg = Debug|Any CPU
		{8B3952DA-9047-452F-A7F1-EC42897A0CB1}.Debug|Any CPU.Build.0 = Debug|Any CPU
		{8B3952DA-9047-452F-A7F1-EC42897A0CB1}.Release|Any CPU.ActiveCfg = Release|Any CPU
		{8B3952DA-9047-452F-A7F1-EC42897A0CB1}.Release|Any CPU.Build.0 = Release|Any CPU
		{422E8FB9-833C-4990-8233-DF46F30D5D1A}.Debug|Any CPU.ActiveCfg = Debug|Any CPU
		{422E8FB9-833C-4990-8233-DF46F30D5D1A}.Debug|Any CPU.Build.0 = Debug|Any CPU
		{422E8FB9-833C-4990-8233-DF46F30D5D1A}.Release|Any CPU.ActiveCfg = Release|Any CPU
		{422E8FB9-833C-4990-8233-DF46F30D5D1A}.Release|Any CPU.Build.0 = Release|Any CPU
	EndGlobalSection
	GlobalSection(SolutionProperties) = preSolution
		HideSolutionNode = FALSE
	EndGlobalSection
	GlobalSection(ExtensibilityGlobals) = postSolution
		SolutionGuid = {D66A6F3B-6122-4675-AE93-0AEA6FF8C9C4}
	EndGlobalSection
EndGlobal
